
Microsoft Visual Studio Solution File, Format Version 12.00
# Visual Studio Version 17
VisualStudioVersion = 17.10.35013.160
MinimumVisualStudioVersion = 10.0.40219.1
Project("{FAE04EC0-301F-11D3-BF4B-00C04F79EFBC}") = "UrbanTech", "UrbanTech\UrbanTech.csproj", "{DB224721-13B4-4DC1-8D8C-EFDEBC2D27C5}"
EndProject
Project("{FAE04EC0-301F-11D3-BF4B-00C04F79EFBC}") = "UrbanTech.Test", "UrbanTech.Test\UrbanTech.Test.csproj", "{3C12AAC8-36F4-4BC2-9F37-17B75E68041E}"
EndProject
Global
	GlobalSection(SolutionConfigurationPlatforms) = preSolution
		Debug|Any CPU = Debug|Any CPU
		Release|Any CPU = Release|Any CPU
	EndGlobalSection
	GlobalSection(ProjectConfigurationPlatforms) = postSolution
		{DB224721-13B4-4DC1-8D8C-EFDEBC2D27C5}.Debug|Any CPU.ActiveCfg = Debug|Any CPU
		{DB224721-13B4-4DC1-8D8C-EFDEBC2D27C5}.Debug|Any CPU.Build.0 = Debug|Any CPU
		{DB224721-13B4-4DC1-8D8C-EFDEBC2D27C5}.Release|Any CPU.ActiveCfg = Release|Any CPU
		{DB224721-13B4-4DC1-8D8C-EFDEBC2D27C5}.Release|Any CPU.Build.0 = Release|Any CPU
		{3C12AAC8-36F4-4BC2-9F37-17B75E68041E}.Debug|Any CPU.ActiveCfg = Debug|Any CPU
		{3C12AAC8-36F4-4BC2-9F37-17B75E68041E}.Debug|Any CPU.Build.0 = Debug|Any CPU
		{3C12AAC8-36F4-4BC2-9F37-17B75E68041E}.Release|Any CPU.ActiveCfg = Release|Any CPU
		{3C12AAC8-36F4-4BC2-9F37-17B75E68041E}.Release|Any CPU.Build.0 = Release|Any CPU
	EndGlobalSection
	GlobalSection(SolutionProperties) = preSolution
		HideSolutionNode = FALSE
	EndGlobalSection
	GlobalSection(ExtensibilityGlobals) = postSolution
		SolutionGuid = {4AA899B0-F38C-41F3-939E-A41BA5CDA9A3}
	EndGlobalSection
EndGlobal
